
Microsoft Visual Studio Solution File, Format Version 11.00
# Visual Studio 2010
Project("{FAE04EC0-301F-11D3-BF4B-00C04F79EFBC}") = "WPFStudy", "WPFStudy\WPFStudy.csproj", "{2f5b3b74-73c1-4cca-9c78-af6cc1e22aea}"
EndProject
Global
	GlobalSection(SolutionConfigurationPlatforms) = preSolution
		Debug|Any CPU = Debug|Any CPU
		Release|Any CPU = Release|Any CPU
	EndGlobalSection
	GlobalSection(ProjectConfigurationPlatforms) = postSolution
		{2F5B3B74-73C1-4CCA-9C78-AF6CC1E22AEA}.Debug|Any CPU.ActiveCfg = Debug|Any CPU
		{2F5B3B74-73C1-4CCA-9C78-AF6CC1E22AEA}.Debug|Any CPU.Build.0 = Debug|Any CPU
		{2F5B3B74-73C1-4CCA-9C78-AF6CC1E22AEA}.Release|Any CPU.ActiveCfg = Release|Any CPU
		{2F5B3B74-73C1-4CCA-9C78-AF6CC1E22AEA}.Release|Any CPU.Build.0 = Release|Any CPU
	EndGlobalSection
EndGlobal
